
Microsoft Visual Studio Solution File, Format Version 12.00
# Visual Studio 15
Project("{FAE04EC0-301F-11D3-BF4B-00C04F79EFBC}") = "Okapia", "Okapia\Okapia.csproj", "{21F46A62-11CA-4CEE-A399-704A0D83DFDC}"
EndProject
Global
	GlobalSection(SolutionConfigurationPlatforms) = preSolution
		Debug|Any CPU = Debug|Any CPU
		Release|Any CPU = Release|Any CPU
	EndGlobalSection
	GlobalSection(ProjectConfigurationPlatforms) = postSolution
		{21F46A62-11CA-4CEE-A399-704A0D83DFDC}.Debug|Any CPU.ActiveCfg = Debug|Any CPU
		{21F46A62-11CA-4CEE-A399-704A0D83DFDC}.Debug|Any CPU.Build.0 = Debug|Any CPU
		{21F46A62-11CA-4CEE-A399-704A0D83DFDC}.Release|Any CPU.ActiveCfg = Release|Any CPU
		{21F46A62-11CA-4CEE-A399-704A0D83DFDC}.Release|Any CPU.Build.0 = Release|Any CPU
	EndGlobalSection
EndGlobal
