Microsoft Visual Studio Solution File, Format Version 12.00
# Visual Studio 15
VisualStudioVersion = 15.0.28307.705
MinimumVisualStudioVersion = 10.0.40219.1
Project("{9A19103F-16F7-4668-BE54-9A1E7A4F7556}") = "Okapia", "Okapia\Okapia.csproj", "{21F46A62-11CA-4CEE-A399-704A0D83DFDC}"
EndProject
Project("{9A19103F-16F7-4668-BE54-9A1E7A4F7556}") = "Okapia.Application", "Okapia.Application\Okapia.Application.csproj", "{ADD390EB-9B0B-49B5-BEF0-831821BD7DE4}"
EndProject
Project("{9A19103F-16F7-4668-BE54-9A1E7A4F7556}") = "Okapia.Repository", "Okapia.Repository\Okapia.Repository.csproj", "{A0BA29E6-DC45-4675-A7F4-C08488DD083F}"
EndProject
Project("{9A19103F-16F7-4668-BE54-9A1E7A4F7556}") = "Okapia.Domain", "Okapia.Domain\Okapia.Domain.csproj", "{9085F0A1-150F-4BBA-8C7F-5E8AF1354E97}"
EndProject
Project("{9A19103F-16F7-4668-BE54-9A1E7A4F7556}") = "Okapia.Configuration", "Okapia.Configuration\Okapia.Configuration.csproj", "{4E15D2C3-E079-4C84-99BE-AE4EA81EF5DE}"
EndProject
Project("{9A19103F-16F7-4668-BE54-9A1E7A4F7556}") = "Framework", "Framework\Framework.csproj", "{BEB5DFE8-8CBF-43F8-BF2E-36116946EF7A}"
EndProject
Project("{9A19103F-16F7-4668-BE54-9A1E7A4F7556}") = "Okapia.WebService.Adapter", "Okapia.WebService.Adapter\Okapia.WebService.Adapter.csproj", "{CF753532-79E5-4B42-85C5-9371D6E55F0F}"
EndProject
Project("{9A19103F-16F7-4668-BE54-9A1E7A4F7556}") = "Okapia.Query", "Okapia.Query\Okapia.Query.csproj", "{CFCFBE8A-E33C-4866-8AFB-B4879A983369}"
EndProject
Project("{9A19103F-16F7-4668-BE54-9A1E7A4F7556}") = "Okapia.SmsService", "Okapia.SmsService\Okapia.SmsService.csproj", "{277BC47D-A0F5-491D-88F5-17CEEB211DDA}"
EndProject
Project("{FAE04EC0-301F-11D3-BF4B-00C04F79EFBC}") = "Okapia.EmailService", "Okapia.EmailService\Okapia.EmailService.csproj", "{EA017F08-49FC-4914-BFAC-CE4CB5B1D816}"
EndProject
Global
	GlobalSection(SolutionConfigurationPlatforms) = preSolution
		Debug|Any CPU = Debug|Any CPU
		Release|Any CPU = Release|Any CPU
	EndGlobalSection
	GlobalSection(ProjectConfigurationPlatforms) = postSolution
		{21F46A62-11CA-4CEE-A399-704A0D83DFDC}.Debug|Any CPU.ActiveCfg = Debug|Any CPU
		{21F46A62-11CA-4CEE-A399-704A0D83DFDC}.Debug|Any CPU.Build.0 = Debug|Any CPU
		{21F46A62-11CA-4CEE-A399-704A0D83DFDC}.Release|Any CPU.ActiveCfg = Release|Any CPU
		{21F46A62-11CA-4CEE-A399-704A0D83DFDC}.Release|Any CPU.Build.0 = Release|Any CPU
		{ADD390EB-9B0B-49B5-BEF0-831821BD7DE4}.Debug|Any CPU.ActiveCfg = Debug|Any CPU
		{ADD390EB-9B0B-49B5-BEF0-831821BD7DE4}.Debug|Any CPU.Build.0 = Debug|Any CPU
		{ADD390EB-9B0B-49B5-BEF0-831821BD7DE4}.Release|Any CPU.ActiveCfg = Release|Any CPU
		{ADD390EB-9B0B-49B5-BEF0-831821BD7DE4}.Release|Any CPU.Build.0 = Release|Any CPU
		{A0BA29E6-DC45-4675-A7F4-C08488DD083F}.Debug|Any CPU.ActiveCfg = Debug|Any CPU
		{A0BA29E6-DC45-4675-A7F4-C08488DD083F}.Debug|Any CPU.Build.0 = Debug|Any CPU
		{A0BA29E6-DC45-4675-A7F4-C08488DD083F}.Release|Any CPU.ActiveCfg = Release|Any CPU
		{A0BA29E6-DC45-4675-A7F4-C08488DD083F}.Release|Any CPU.Build.0 = Release|Any CPU
		{9085F0A1-150F-4BBA-8C7F-5E8AF1354E97}.Debug|Any CPU.ActiveCfg = Debug|Any CPU
		{9085F0A1-150F-4BBA-8C7F-5E8AF1354E97}.Debug|Any CPU.Build.0 = Debug|Any CPU
		{9085F0A1-150F-4BBA-8C7F-5E8AF1354E97}.Release|Any CPU.ActiveCfg = Release|Any CPU
		{9085F0A1-150F-4BBA-8C7F-5E8AF1354E97}.Release|Any CPU.Build.0 = Release|Any CPU
		{4E15D2C3-E079-4C84-99BE-AE4EA81EF5DE}.Debug|Any CPU.ActiveCfg = Debug|Any CPU
		{4E15D2C3-E079-4C84-99BE-AE4EA81EF5DE}.Debug|Any CPU.Build.0 = Debug|Any CPU
		{4E15D2C3-E079-4C84-99BE-AE4EA81EF5DE}.Release|Any CPU.ActiveCfg = Release|Any CPU
		{4E15D2C3-E079-4C84-99BE-AE4EA81EF5DE}.Release|Any CPU.Build.0 = Release|Any CPU
		{BEB5DFE8-8CBF-43F8-BF2E-36116946EF7A}.Debug|Any CPU.ActiveCfg = Debug|Any CPU
		{BEB5DFE8-8CBF-43F8-BF2E-36116946EF7A}.Debug|Any CPU.Build.0 = Debug|Any CPU
		{BEB5DFE8-8CBF-43F8-BF2E-36116946EF7A}.Release|Any CPU.ActiveCfg = Release|Any CPU
		{BEB5DFE8-8CBF-43F8-BF2E-36116946EF7A}.Release|Any CPU.Build.0 = Release|Any CPU
		{CF753532-79E5-4B42-85C5-9371D6E55F0F}.Debug|Any CPU.ActiveCfg = Debug|Any CPU
		{CF753532-79E5-4B42-85C5-9371D6E55F0F}.Debug|Any CPU.Build.0 = Debug|Any CPU
		{CF753532-79E5-4B42-85C5-9371D6E55F0F}.Release|Any CPU.ActiveCfg = Release|Any CPU
		{CF753532-79E5-4B42-85C5-9371D6E55F0F}.Release|Any CPU.Build.0 = Release|Any CPU
		{CFCFBE8A-E33C-4866-8AFB-B4879A983369}.Debug|Any CPU.ActiveCfg = Debug|Any CPU
		{CFCFBE8A-E33C-4866-8AFB-B4879A983369}.Debug|Any CPU.Build.0 = Debug|Any CPU
		{CFCFBE8A-E33C-4866-8AFB-B4879A983369}.Release|Any CPU.ActiveCfg = Release|Any CPU
		{CFCFBE8A-E33C-4866-8AFB-B4879A983369}.Release|Any CPU.Build.0 = Release|Any CPU
		{277BC47D-A0F5-491D-88F5-17CEEB211DDA}.Debug|Any CPU.ActiveCfg = Debug|Any CPU
		{277BC47D-A0F5-491D-88F5-17CEEB211DDA}.Debug|Any CPU.Build.0 = Debug|Any CPU
		{277BC47D-A0F5-491D-88F5-17CEEB211DDA}.Release|Any CPU.ActiveCfg = Release|Any CPU
		{277BC47D-A0F5-491D-88F5-17CEEB211DDA}.Release|Any CPU.Build.0 = Release|Any CPU
		{EA017F08-49FC-4914-BFAC-CE4CB5B1D816}.Debug|Any CPU.ActiveCfg = Debug|Any CPU
		{EA017F08-49FC-4914-BFAC-CE4CB5B1D816}.Debug|Any CPU.Build.0 = Debug|Any CPU
		{EA017F08-49FC-4914-BFAC-CE4CB5B1D816}.Release|Any CPU.ActiveCfg = Release|Any CPU
		{EA017F08-49FC-4914-BFAC-CE4CB5B1D816}.Release|Any CPU.Build.0 = Release|Any CPU
	EndGlobalSection
	GlobalSection(SolutionProperties) = preSolution
		HideSolutionNode = FALSE
	EndGlobalSection
	GlobalSection(ExtensibilityGlobals) = postSolution
		SolutionGuid = {7CA8D8CF-31AF-4100-BBF0-0AEC773BB25A}
	EndGlobalSection
EndGlobal
